
Microsoft Visual Studio Solution File, Format Version 12.00
# Visual Studio Version 17
VisualStudioVersion = 17.5.33424.131
MinimumVisualStudioVersion = 10.0.40219.1
Project("{9A19103F-16F7-4668-BE54-9A1E7A4F7556}") = "University of free state booking Facilities", "University of free state booking Facilities.csproj", "{D74E712A-0E52-4601-87BE-1375D8E5CA17}"
EndProject
Global
	GlobalSection(SolutionConfigurationPlatforms) = preSolution
		Debug|Any CPU = Debug|Any CPU
		Release|Any CPU = Release|Any CPU
	EndGlobalSection
	GlobalSection(ProjectConfigurationPlatforms) = postSolution
		{D74E712A-0E52-4601-87BE-1375D8E5CA17}.Debug|Any CPU.ActiveCfg = Debug|Any CPU
		{D74E712A-0E52-4601-87BE-1375D8E5CA17}.Debug|Any CPU.Build.0 = Debug|Any CPU
		{D74E712A-0E52-4601-87BE-1375D8E5CA17}.Release|Any CPU.ActiveCfg = Release|Any CPU
		{D74E712A-0E52-4601-87BE-1375D8E5CA17}.Release|Any CPU.Build.0 = Release|Any CPU
	EndGlobalSection
	GlobalSection(SolutionProperties) = preSolution
		HideSolutionNode = FALSE
	EndGlobalSection
	GlobalSection(ExtensibilityGlobals) = postSolution
		SolutionGuid = {655B3C88-87F0-4E40-A2E3-78704D04639E}
	EndGlobalSection
EndGlobal
